<Solution>
	<Folder Name="/.root/">
		<File Path=".dockerignore" />
		<File Path=".editorconfig" />
		<File Path=".gitignore" />
		<File Path="Launch-profiles.slnLaunch" />
		<File Path="NuGet.config" />
		<File Path="ReadMe.md" />
	</Folder>
	<Folder Name="/Source/">
		<Project DefaultStartup="true" Path="Source/Bff/Bff.csproj" />
		<Project Path="Source/Spa/Spa.esproj" />
	</Folder>
</Solution>