<Solution>
	<Folder Name="/.root/">
		<File Path=".editorconfig" />
		<File Path=".gitignore" />
		<File Path="NuGet.config" />
		<File Path="ReadMe.md" />
	</Folder>
	<Folder Name="/Source/">
		<Project DefaultStartup="true" Path="Source/Project/Project.csproj" />
	</Folder>
	<Folder Name="/Tests/">
		<File Path="Tests/.editorconfig" />
		<Project Path="Tests/Integration-tests/Integration-tests.csproj" />
		<Project Path="Tests/Unit-tests/Unit-tests.csproj" />
	</Folder>
</Solution>