<Solution>
	<Folder Name="/.root/">
		<File Path=".dockerignore" />
		<File Path=".editorconfig" />
		<File Path=".gitignore" />
		<File Path="NuGet.config" />
		<File Path="ReadMe.md" />
	</Folder>
	<Folder Name="/Source/">
		<Project DefaultStartup="true" Path="Source/Service/Service.csproj" />
	</Folder>
</Solution>